{
  "name": "wordpress-hybrid-client",
  "version": "2.0.3",
  "lockfileVersion": 1,
  "requires": true,
  "dependencies": {
    "angular2-moment": {
      "version": "1.7.0",
      "resolved": "https://registry.npmjs.org/angular2-moment/-/angular2-moment-1.7.0.tgz",
      "integrity": "sha512-CwCs2KfzVsB2VMtW/eKmd7EYJf8vGvhXpwCgkTUEt0wpRBd4ad4lVdkrqeooL0zgbjxGlCHp3EJuRdEwUGDr+Q==",
      "requires": {
        "moment": "2.19.2"
      },
      "dependencies": {
        "moment": {
          "version": "2.19.2",
          "resolved": "https://registry.npmjs.org/moment/-/moment-2.19.2.tgz",
          "integrity": "sha512-Rf6jiHPEfxp9+dlzxPTmRHbvoFXsh2L/U8hOupUMpnuecHQmI6cF6lUbJl3QqKPko1u6ujO+FxtcajLVfLpAtA=="
        }
      }
    }
  }
}
